# This file is automatically @generated by Poetry 1.8.4 and should not be changed by hand.

[[package]]
name = "numpy"
version = "2.2.5"
description = "Fundamental package for array computing in Python"
optional = false
python-versions = ">=3.10"
files = [
    {file = "numpy-2.2.5-cp310-cp310-macosx_10_9_x86_64.whl", hash = "sha256:1f4a922da1729f4c40932b2af4fe84909c7a6e167e6e99f71838ce3a29f3fe26"},
    {file = "numpy-2.2.5-cp310-cp310-macosx_11_0_arm64.whl", hash = "sha256:b6f91524d31b34f4a5fee24f5bc16dcd1491b668798b6d85585d836c1e633a6a"},
    {file = "numpy-2.2.5-cp310-cp310-macosx_14_0_arm64.whl", hash = "sha256:19f4718c9012e3baea91a7dba661dcab2451cda2550678dc30d53acb91a7290f"},
    {file = "numpy-2.2.5-cp310-cp310-macosx_14_0_x86_64.whl", hash = "sha256:eb7fd5b184e5d277afa9ec0ad5e4eb562ecff541e7f60e69ee69c8d59e9aeaba"},
    {file = "numpy-2.2.5-cp310-cp310-manylinux_2_17_aarch64.manylinux2014_aarch64.whl", hash = "sha256:6413d48a9be53e183eb06495d8e3b006ef8f87c324af68241bbe7a39e8ff54c3"},
    {file = "numpy-2.2.5-cp310-cp310-manylinux_2_17_x86_64.manylinux2014_x86_64.whl", hash = "sha256:7451f92eddf8503c9b8aa4fe6aa7e87fd51a29c2cfc5f7dbd72efde6c65acf57"},
    {file = "numpy-2.2.5-cp310-cp310-musllinux_1_2_aarch64.whl", hash = "sha256:0bcb1d057b7571334139129b7f941588f69ce7c4ed15a9d6162b2ea54ded700c"},
    {file = "numpy-2.2.5-cp310-cp310-musllinux_1_2_x86_64.whl", hash = "sha256:36ab5b23915887543441efd0417e6a3baa08634308894316f446027611b53bf1"},
    {file = "numpy-2.2.5-cp310-cp310-win32.whl", hash = "sha256:422cc684f17bc963da5f59a31530b3936f57c95a29743056ef7a7903a5dbdf88"},
    {file = "numpy-2.2.5-cp310-cp310-win_amd64.whl", hash = "sha256:e4f0b035d9d0ed519c813ee23e0a733db81ec37d2e9503afbb6e54ccfdee0fa7"},
    {file = "numpy-2.2.5-cp311-cp311-macosx_10_9_x86_64.whl", hash = "sha256:c42365005c7a6c42436a54d28c43fe0e01ca11eb2ac3cefe796c25a5f98e5e9b"},
    {file = "numpy-2.2.5-cp311-cp311-macosx_11_0_arm64.whl", hash = "sha256:498815b96f67dc347e03b719ef49c772589fb74b8ee9ea2c37feae915ad6ebda"},
    {file = "numpy-2.2.5-cp311-cp311-macosx_14_0_arm64.whl", hash = "sha256:6411f744f7f20081b1b4e7112e0f4c9c5b08f94b9f086e6f0adf3645f85d3a4d"},
    {file = "numpy-2.2.5-cp311-cp311-macosx_14_0_x86_64.whl", hash = "sha256:9de6832228f617c9ef45d948ec1cd8949c482238d68b2477e6f642c33a7b0a54"},
    {file = "numpy-2.2.5-cp311-cp311-manylinux_2_17_aarch64.manylinux2014_aarch64.whl", hash = "sha256:369e0d4647c17c9363244f3468f2227d557a74b6781cb62ce57cf3ef5cc7c610"},
    {file = "numpy-2.2.5-cp311-cp311-manylinux_2_17_x86_64.manylinux2014_x86_64.whl", hash = "sha256:262d23f383170f99cd9191a7c85b9a50970fe9069b2f8ab5d786eca8a675d60b"},
    {file = "numpy-2.2.5-cp311-cp311-musllinux_1_2_aarch64.whl", hash = "sha256:aa70fdbdc3b169d69e8c59e65c07a1c9351ceb438e627f0fdcd471015cd956be"},
    {file = "numpy-2.2.5-cp311-cp311-musllinux_1_2_x86_64.whl", hash = "sha256:37e32e985f03c06206582a7323ef926b4e78bdaa6915095ef08070471865b906"},
    {file = "numpy-2.2.5-cp311-cp311-win32.whl", hash = "sha256:f5045039100ed58fa817a6227a356240ea1b9a1bc141018864c306c1a16d4175"},
    {file = "numpy-2.2.5-cp311-cp311-win_amd64.whl", hash = "sha256:b13f04968b46ad705f7c8a80122a42ae8f620536ea38cf4bdd374302926424dd"},
    {file = "numpy-2.2.5-cp312-cp312-macosx_10_13_x86_64.whl", hash = "sha256:ee461a4eaab4f165b68780a6a1af95fb23a29932be7569b9fab666c407969051"},
    {file = "numpy-2.2.5-cp312-cp312-macosx_11_0_arm64.whl", hash = "sha256:ec31367fd6a255dc8de4772bd1658c3e926d8e860a0b6e922b615e532d320ddc"},
    {file = "numpy-2.2.5-cp312-cp312-macosx_14_0_arm64.whl", hash = "sha256:47834cde750d3c9f4e52c6ca28a7361859fcaf52695c7dc3cc1a720b8922683e"},
    {file = "numpy-2.2.5-cp312-cp312-macosx_14_0_x86_64.whl", hash = "sha256:2c1a1c6ccce4022383583a6ded7bbcda22fc635eb4eb1e0a053336425ed36dfa"},
    {file = "numpy-2.2.5-cp312-cp312-manylinux_2_17_aarch64.manylinux2014_aarch64.whl", hash = "sha256:9d75f338f5f79ee23548b03d801d28a505198297534f62416391857ea0479571"},
    {file = "numpy-2.2.5-cp312-cp312-manylinux_2_17_x86_64.manylinux2014_x86_64.whl", hash = "sha256:3a801fef99668f309b88640e28d261991bfad9617c27beda4a3aec4f217ea073"},
    {file = "numpy-2.2.5-cp312-cp312-musllinux_1_2_aarch64.whl", hash = "sha256:abe38cd8381245a7f49967a6010e77dbf3680bd3627c0fe4362dd693b404c7f8"},
    {file = "numpy-2.2.5-cp312-cp312-musllinux_1_2_x86_64.whl", hash = "sha256:5a0ac90e46fdb5649ab6369d1ab6104bfe5854ab19b645bf5cda0127a13034ae"},
    {file = "numpy-2.2.5-cp312-cp312-win32.whl", hash = "sha256:0cd48122a6b7eab8f06404805b1bd5856200e3ed6f8a1b9a194f9d9054631beb"},
    {file = "numpy-2.2.5-cp312-cp312-win_amd64.whl", hash = "sha256:ced69262a8278547e63409b2653b372bf4baff0870c57efa76c5703fd6543282"},
    {file = "numpy-2.2.5-cp313-cp313-macosx_10_13_x86_64.whl", hash = "sha256:059b51b658f4414fff78c6d7b1b4e18283ab5fa56d270ff212d5ba0c561846f4"},
    {file = "numpy-2.2.5-cp313-cp313-macosx_11_0_arm64.whl", hash = "sha256:47f9ed103af0bc63182609044b0490747e03bd20a67e391192dde119bf43d52f"},
    {file = "numpy-2.2.5-cp313-cp313-macosx_14_0_arm64.whl", hash = "sha256:261a1ef047751bb02f29dfe337230b5882b54521ca121fc7f62668133cb119c9"},
    {file = "numpy-2.2.5-cp313-cp313-macosx_14_0_x86_64.whl", hash = "sha256:4520caa3807c1ceb005d125a75e715567806fed67e315cea619d5ec6e75a4191"},
    {file = "numpy-2.2.5-cp313-cp313-manylinux_2_17_aarch64.manylinux2014_aarch64.whl", hash = "sha256:3d14b17b9be5f9c9301f43d2e2a4886a33b53f4e6fdf9ca2f4cc60aeeee76372"},
    {file = "numpy-2.2.5-cp313-cp313-manylinux_2_17_x86_64.manylinux2014_x86_64.whl", hash = "sha256:2ba321813a00e508d5421104464510cc962a6f791aa2fca1c97b1e65027da80d"},
    {file = "numpy-2.2.5-cp313-cp313-musllinux_1_2_aarch64.whl", hash = "sha256:a4cbdef3ddf777423060c6f81b5694bad2dc9675f110c4b2a60dc0181543fac7"},
    {file = "numpy-2.2.5-cp313-cp313-musllinux_1_2_x86_64.whl", hash = "sha256:54088a5a147ab71a8e7fdfd8c3601972751ded0739c6b696ad9cb0343e21ab73"},
    {file = "numpy-2.2.5-cp313-cp313-win32.whl", hash = "sha256:c8b82a55ef86a2d8e81b63da85e55f5537d2157165be1cb2ce7cfa57b6aef38b"},
    {file = "numpy-2.2.5-cp313-cp313-win_amd64.whl", hash = "sha256:d8882a829fd779f0f43998e931c466802a77ca1ee0fe25a3abe50278616b1471"},
    {file = "numpy-2.2.5-cp313-cp313t-macosx_10_13_x86_64.whl", hash = "sha256:e8b025c351b9f0e8b5436cf28a07fa4ac0204d67b38f01433ac7f9b870fa38c6"},
    {file = "numpy-2.2.5-cp313-cp313t-macosx_11_0_arm64.whl", hash = "sha256:8dfa94b6a4374e7851bbb6f35e6ded2120b752b063e6acdd3157e4d2bb922eba"},
    {file = "numpy-2.2.5-cp313-cp313t-macosx_14_0_arm64.whl", hash = "sha256:97c8425d4e26437e65e1d189d22dff4a079b747ff9c2788057bfb8114ce1e133"},
    {file = "numpy-2.2.5-cp313-cp313t-macosx_14_0_x86_64.whl", hash = "sha256:352d330048c055ea6db701130abc48a21bec690a8d38f8284e00fab256dc1376"},
    {file = "numpy-2.2.5-cp313-cp313t-manylinux_2_17_aarch64.manylinux2014_aarch64.whl", hash = "sha256:8b4c0773b6ada798f51f0f8e30c054d32304ccc6e9c5d93d46cb26f3d385ab19"},
    {file = "numpy-2.2.5-cp313-cp313t-manylinux_2_17_x86_64.manylinux2014_x86_64.whl", hash = "sha256:55f09e00d4dccd76b179c0f18a44f041e5332fd0e022886ba1c0bbf3ea4a18d0"},
    {file = "numpy-2.2.5-cp313-cp313t-musllinux_1_2_aarch64.whl", hash = "sha256:02f226baeefa68f7d579e213d0f3493496397d8f1cff5e2b222af274c86a552a"},
    {file = "numpy-2.2.5-cp313-cp313t-musllinux_1_2_x86_64.whl", hash = "sha256:c26843fd58f65da9491165072da2cccc372530681de481ef670dcc8e27cfb066"},
    {file = "numpy-2.2.5-cp313-cp313t-win32.whl", hash = "sha256:1a161c2c79ab30fe4501d5a2bbfe8b162490757cf90b7f05be8b80bc02f7bb8e"},
    {file = "numpy-2.2.5-cp313-cp313t-win_amd64.whl", hash = "sha256:d403c84991b5ad291d3809bace5e85f4bbf44a04bdc9a88ed2bb1807b3360bb8"},
    {file = "numpy-2.2.5-pp310-pypy310_pp73-macosx_10_15_x86_64.whl", hash = "sha256:b4ea7e1cff6784e58fe281ce7e7f05036b3e1c89c6f922a6bfbc0a7e8768adbe"},
    {file = "numpy-2.2.5-pp310-pypy310_pp73-macosx_14_0_x86_64.whl", hash = "sha256:d7543263084a85fbc09c704b515395398d31d6395518446237eac219eab9e55e"},
    {file = "numpy-2.2.5-pp310-pypy310_pp73-manylinux_2_17_x86_64.manylinux2014_x86_64.whl", hash = "sha256:0255732338c4fdd00996c0421884ea8a3651eea555c3a56b84892b66f696eb70"},
    {file = "numpy-2.2.5-pp310-pypy310_pp73-win_amd64.whl", hash = "sha256:d2e3bdadaba0e040d1e7ab39db73e0afe2c74ae277f5614dad53eadbecbbb169"},
    {file = "numpy-2.2.5.tar.gz", hash = "sha256:a9c0d994680cd991b1cb772e8b297340085466a6fe964bc9d4e80f5e2f43c291"},
]

[[package]]
name = "pedalboard"
version = "0.9.16"
description = "A Python library for adding effects to audio."
optional = false
python-versions = "*"
files = [
    {file = "pedalboard-0.9.16-cp310-cp310-macosx_10_14_x86_64.whl", hash = "sha256:9d68f2a0816f4b611ef9e6fd2d216c0f89840c7aa855efdb499b63b5e8014009"},
    {file = "pedalboard-0.9.16-cp310-cp310-macosx_11_0_arm64.whl", hash = "sha256:2ac0f9c57a89c2e437a41288cd5da42d65d737457848fd95adfba7c97bb99914"},
    {file = "pedalboard-0.9.16-cp310-cp310-manylinux_2_17_aarch64.manylinux2014_aarch64.whl", hash = "sha256:89270613982174fb0ce6d10e6f251d78ef15aa21438c22753db87d974d5e2b27"},
    {file = "pedalboard-0.9.16-cp310-cp310-manylinux_2_17_x86_64.manylinux2014_x86_64.whl", hash = "sha256:5712fe0f07eb0a0955681b867c2aff7f57e3d4d8dbf05a3d6f1eb0404cb0e679"},
    {file = "pedalboard-0.9.16-cp310-cp310-musllinux_1_1_aarch64.whl", hash = "sha256:b040271cc9eadaa14f0a0afdc2393e8b11fe1ed6967de0ed2957b3dc0b2d1431"},
    {file = "pedalboard-0.9.16-cp310-cp310-musllinux_1_1_x86_64.whl", hash = "sha256:29ba6f8d785060f4c2e9e659d3ab45559c1ce222b468dc1676f6345dcc17b6df"},
    {file = "pedalboard-0.9.16-cp310-cp310-win_amd64.whl", hash = "sha256:6f82a4941e9ad72a0c672994fa45453521eedf05081367b77c0a09cdabc25b9c"},
    {file = "pedalboard-0.9.16-cp311-cp311-macosx_10_14_x86_64.whl", hash = "sha256:57f1a78e9d253263360d8de1d6bc24d37f827511fae63035a4d5b0477a891401"},
    {file = "pedalboard-0.9.16-cp311-cp311-macosx_11_0_arm64.whl", hash = "sha256:c90e80f3b8a6397b4918aabf4635053b8c62d55414038defa9906c378443f2f0"},
    {file = "pedalboard-0.9.16-cp311-cp311-manylinux_2_17_aarch64.manylinux2014_aarch64.whl", hash = "sha256:8873a52e06b41336f06f93306bb113545485bbf3759f30d5f6bf887c5056902d"},
    {file = "pedalboard-0.9.16-cp311-cp311-manylinux_2_17_x86_64.manylinux2014_x86_64.whl", hash = "sha256:e870cac507fdae73fa0bfbe6d1d5de380228862d4eba9164d1615e9bccaf6d04"},
    {file = "pedalboard-0.9.16-cp311-cp311-win_amd64.whl", hash = "sha256:abdb338b9231c509e0ed900507f128a65a79a272c3c284fa3912c53751a4f3c3"},
    {file = "pedalboard-0.9.16-cp312-cp312-macosx_10_14_universal2.whl", hash = "sha256:0f352356fdb8e6246a0577a62ce003781c2a5fa9ba0f6b09cf344e5a51142288"},
    {file = "pedalboard-0.9.16-cp312-cp312-macosx_10_14_x86_64.whl", hash = "sha256:4b92ab1c940d27dcd520cd376a61aa99d442edd27b6787ee6193ad7f8bd799e5"},
    {file = "pedalboard-0.9.16-cp312-cp312-macosx_11_0_arm64.whl", hash = "sha256:2b6161453ac8f8f28f67b49eeaf58f41448f61b54a73e151c0a59626ab574d08"},
    {file = "pedalboard-0.9.16-cp312-cp312-manylinux_2_17_aarch64.manylinux2014_aarch64.whl", hash = "sha256:7e32ad20a3ffc13324cbf17a1c3fae9c08a391edabcfa371d2ad0ed08bedfffb"},
    {file = "pedalboard-0.9.16-cp312-cp312-manylinux_2_17_x86_64.manylinux2014_x86_64.whl", hash = "sha256:eac5dd6627bbd8c239c916bffbb7c5d9588d99867591d2e43ab6efd79f75ccbc"},
    {file = "pedalboard-0.9.16-cp312-cp312-musllinux_1_1_aarch64.whl", hash = "sha256:3a523fba1756d1bed0f5e3ae9816d70ffa971457f67adf4efd03cca0310a879a"},
    {file = "pedalboard-0.9.16-cp312-cp312-musllinux_1_1_x86_64.whl", hash = "sha256:dece4acbc8d43f6a0b44c4af48fdeb90c181890babe88c77cfcee726fbb73865"},
    {file = "pedalboard-0.9.16-cp312-cp312-win32.whl", hash = "sha256:3d2a815c0fd045a252fdfa57baa9bf35e7dff5e1ddcda8bf1a9ae59b53d3e798"},
    {file = "pedalboard-0.9.16-cp312-cp312-win_amd64.whl", hash = "sha256:6baf122b22403e5bff2477f37e17e457ad7db1621948debf558f8b2cfe64f39e"},
    {file = "pedalboard-0.9.16-cp313-cp313-macosx_10_14_x86_64.whl", hash = "sha256:b84fe32ab13b50076e21d1e79bbef7c00f43bb3623c84d7ced1022b0d9ed55ca"},
    {file = "pedalboard-0.9.16-cp313-cp313-macosx_11_0_arm64.whl", hash = "sha256:031e6833c5983c3fe0a96bc4ff04790663a9e95a01c402828bd5a4eff4b8b541"},
    {file = "pedalboard-0.9.16-cp313-cp313-manylinux_2_17_aarch64.manylinux2014_aarch64.whl", hash = "sha256:4be376b2727341cac2540e9f0f3b1d0bb2449ceed7f92399bcfabae052ae7a1a"},
    {file = "pedalboard-0.9.16-cp313-cp313-manylinux_2_17_x86_64.manylinux2014_x86_64.whl", hash = "sha256:0e46117dc1b62af13bdd4a7ac53b6d92b3a001f2c68ce89bacced9bfcaafe295"},
    {file = "pedalboard-0.9.16-cp313-cp313-win_amd64.whl", hash = "sha256:1eea9fb96672014a663fa7309133c6506ebdd28d84249a7708eae18c0cabb35c"},
    {file = "pedalboard-0.9.16-cp313-cp313t-macosx_10_14_x86_64.whl", hash = "sha256:8ffadf7de250d4ccc45929f88b49979d9243077b910fb352eb3cc7231f240d8e"},
    {file = "pedalboard-0.9.16-cp313-cp313t-macosx_11_0_arm64.whl", hash = "sha256:a260d2c5bc79f90340e5eef985919da92188dea9b493b4756d622f6e7e151028"},
    {file = "pedalboard-0.9.16-cp313-cp313t-manylinux_2_17_aarch64.manylinux2014_aarch64.whl", hash = "sha256:8abf69fe280c0c834750072692d5ebb3b4ba7ef49d50b369946d4743a723bb49"},
    {file = "pedalboard-0.9.16-cp313-cp313t-manylinux_2_17_x86_64.manylinux2014_x86_64.whl", hash = "sha256:03e73da46d6678a8adbd1ebc70bf38e4316918e44514eb9b1d7989bfb43cb30c"},
    {file = "pedalboard-0.9.16-cp39-cp39-macosx_10_14_x86_64.whl", hash = "sha256:16b2610ad1923e0f49d1e6923c2b740c8da9a2db2c5315f56e857b7a862f1fdd"},
    {file = "pedalboard-0.9.16-cp39-cp39-macosx_11_0_arm64.whl", hash = "sha256:c47265698416d6e1042c21eaf027eb643f2e4f83421383f7ab783f7fb9320bd4"},
    {file = "pedalboard-0.9.16-cp39-cp39-manylinux_2_17_aarch64.manylinux2014_aarch64.whl", hash = "sha256:822f3184dd09f07c29b7b0d4281fa834d9a94ed8aa86037c0c739e8907132f9f"},
    {file = "pedalboard-0.9.16-cp39-cp39-manylinux_2_17_x86_64.manylinux2014_x86_64.whl", hash = "sha256:8635d57f72be0f2eb8ca523dacec5bd13736ccffe5f70109c586a6b750fdeb33"},
    {file = "pedalboard-0.9.16-cp39-cp39-win_amd64.whl", hash = "sha256:d46f917322065fe780778c416e016ab79e6a3d8ba75df9a71ae368142aba3443"},
]

[package.dependencies]
numpy = "*"

[[package]]
name = "voyager"
version = "2.1.0"
description = "Easy-to-use, fast, simple multi-platform approximate nearest-neighbor search library."
optional = false
python-versions = "*"
files = [
    {file = "voyager-2.1.0-cp310-cp310-macosx_10_13_universal2.whl", hash = "sha256:c70aa494c86a3fca738c7608234b5b894fc866ff911040183bfa2cc9db732b18"},
    {file = "voyager-2.1.0-cp310-cp310-macosx_10_13_x86_64.whl", hash = "sha256:78393b10a9a917e2eab2d6f768d656b26392beb8bb93a8203a255c86be325955"},
    {file = "voyager-2.1.0-cp310-cp310-macosx_11_0_arm64.whl", hash = "sha256:29ba63a0a8d7820ea5350f08ad45bf875431ea193a36fe208785ab56ae668304"},
    {file = "voyager-2.1.0-cp310-cp310-manylinux_2_17_aarch64.manylinux2014_aarch64.whl", hash = "sha256:404dabe889cedf7dbf482c9101ed85b376dc30e358df50f9eb23f78176cd3c55"},
    {file = "voyager-2.1.0-cp310-cp310-manylinux_2_17_x86_64.manylinux2014_x86_64.whl", hash = "sha256:c9cfe35c6cb2db3608a42173aa517851f3cc448429888529042523fd494e583b"},
    {file = "voyager-2.1.0-cp310-cp310-win_amd64.whl", hash = "sha256:dc2e58dc2822f711591dfe91b20216cf09a499e1b09c9e556b112fcc1bc18969"},
    {file = "voyager-2.1.0-cp311-cp311-macosx_10_13_universal2.whl", hash = "sha256:6616d2d26e3208ffe5ce869ec8ece055aec43563c0f88706026aa90645f3073b"},
    {file = "voyager-2.1.0-cp311-cp311-macosx_10_13_x86_64.whl", hash = "sha256:c120b9d36e1927c1dca75a763500fd180791dc9991476b176b1cd71409824a13"},
    {file = "voyager-2.1.0-cp311-cp311-macosx_11_0_arm64.whl", hash = "sha256:60b73c66783f10da89edd6f12008a176dc2e039449f5dd6b936e18480b6f216a"},
    {file = "voyager-2.1.0-cp311-cp311-manylinux_2_17_aarch64.manylinux2014_aarch64.whl", hash = "sha256:9c08d422fd0bf041091d91e0d72225cf4c4785feddb0e56fa342ae9b79fceba1"},
    {file = "voyager-2.1.0-cp311-cp311-manylinux_2_17_x86_64.manylinux2014_x86_64.whl", hash = "sha256:3431dcabdd151aec5ac34bfc6f7a24143ee398d1c2828d2891446583b1edad8f"},
    {file = "voyager-2.1.0-cp311-cp311-win_amd64.whl", hash = "sha256:95f0aafb38cdaa43798c6c78626d7b9300827ac17f28ab3994ce73d1ec1124d0"},
    {file = "voyager-2.1.0-cp312-cp312-macosx_10_13_universal2.whl", hash = "sha256:18ef1903fa85a2ff580f1d5a70f62c1eee710d39487eeeb192f34555cb50be6e"},
    {file = "voyager-2.1.0-cp312-cp312-macosx_10_13_x86_64.whl", hash = "sha256:dc23adf051720560cf9f5a958df155edaba6f7b2c3746a1686f92bbc9b846d15"},
    {file = "voyager-2.1.0-cp312-cp312-macosx_11_0_arm64.whl", hash = "sha256:4b75034984411ed3120b919f4d7f16ed0406bb5863924a28525b48ac5b4010fa"},
    {file = "voyager-2.1.0-cp312-cp312-manylinux_2_17_aarch64.manylinux2014_aarch64.whl", hash = "sha256:cddf5359d8a88bd5fc12fc71c0e7fd332e4da1d96dac8ae445b0138871cd28b2"},
    {file = "voyager-2.1.0-cp312-cp312-manylinux_2_17_x86_64.manylinux2014_x86_64.whl", hash = "sha256:9415b9c923bac493d5c68d55ae55c4289153c23f9f478422934de61acbaf4c01"},
    {file = "voyager-2.1.0-cp312-cp312-win_amd64.whl", hash = "sha256:f8264f438f1df40d11e1f18a069980972a569f5a2f3c0a0d2abef9d4b4078d5c"},
    {file = "voyager-2.1.0-cp37-cp37m-macosx_10_13_x86_64.whl", hash = "sha256:ee0dea7f7ceacab185262ecb4d121c36f60cf8384853016d7dd9a68b35ca1036"},
    {file = "voyager-2.1.0-cp37-cp37m-manylinux_2_17_aarch64.manylinux2014_aarch64.whl", hash = "sha256:59c8491285b8875854b7937ea5c2ff3962a8dbbc400105699449f4a0c9811201"},
    {file = "voyager-2.1.0-cp37-cp37m-manylinux_2_17_x86_64.manylinux2014_x86_64.whl", hash = "sha256:1b1f97aadbe93269082fb74ee8a32523f31f7423c7a77c130a54a9fb85cf1356"},
    {file = "voyager-2.1.0-cp37-cp37m-win_amd64.whl", hash = "sha256:4d45b5cc6987d5d84c4a60577c213e1b559f83f0d5eeb8273dc1032aa7325cf0"},
    {file = "voyager-2.1.0-cp38-cp38-macosx_10_13_universal2.whl", hash = "sha256:91330ee82859b637360acb28f2dfbfea0d4d318f69d02adf22bdd7a738f53cd3"},
    {file = "voyager-2.1.0-cp38-cp38-macosx_10_13_x86_64.whl", hash = "sha256:80b5a72d0bea2acb6619d0574fc1a079fa3973ac251720a8aa105c389a21968e"},
    {file = "voyager-2.1.0-cp38-cp38-macosx_11_0_arm64.whl", hash = "sha256:f08b1bda3a58a3473dd4e6e4e6a035c50e3d64c61c5a6e67a83b99c53fd4272a"},
    {file = "voyager-2.1.0-cp38-cp38-manylinux_2_17_aarch64.manylinux2014_aarch64.whl", hash = "sha256:71e525f0b9d4984b107ce0099ddc1414aa9395e185f6bf9cb6c613d444943a4a"},
    {file = "voyager-2.1.0-cp38-cp38-manylinux_2_17_x86_64.manylinux2014_x86_64.whl", hash = "sha256:4e4ce56c88fd76ee4fb034bc1eca06c0c2c5e06091ed0b360eb84dadd42d1c8c"},
    {file = "voyager-2.1.0-cp38-cp38-win_amd64.whl", hash = "sha256:059d7854c87b681b53f43cb7f2d77e143b13880923b457e1fadd5b0de71c0ed0"},
    {file = "voyager-2.1.0-cp39-cp39-macosx_10_13_universal2.whl", hash = "sha256:49fc6eefb160c38ca5a06d7e2a12fb1bf79b0650dbe8ba54f800fbcc8fb1eb09"},
    {file = "voyager-2.1.0-cp39-cp39-macosx_10_13_x86_64.whl", hash = "sha256:805342d87e2fde143d080dc38578a110027f838ff1fd4a2f7a63903285eb8b3d"},
    {file = "voyager-2.1.0-cp39-cp39-macosx_11_0_arm64.whl", hash = "sha256:195c8fddfb2bf82a0112f4c2c6e1a67385608892755a7f44d61ae42ce822893b"},
    {file = "voyager-2.1.0-cp39-cp39-manylinux_2_17_aarch64.manylinux2014_aarch64.whl", hash = "sha256:dd19de62b92db0754cc40eef3c1f2c112d61728bcc081bbc6eecba3b7723f963"},
    {file = "voyager-2.1.0-cp39-cp39-manylinux_2_17_x86_64.manylinux2014_x86_64.whl", hash = "sha256:a8a739a9e00feb6768dd4296724b02355b208a0940b173fc36e389a1cac4f392"},
    {file = "voyager-2.1.0-cp39-cp39-win_amd64.whl", hash = "sha256:6efa3a01309b6d6dea3f5c1f9666887d8cdbcb3e039455a8e6049dab89200a08"},
]

[package.dependencies]
numpy = "*"

[metadata]
lock-version = "2.0"
python-versions = "^3.12"
content-hash = "ba5efe9566ee8413cc44aec0099ca9b01da54361c3b2a293aa3de0bab44ed31c"
